
Microsoft Visual Studio Solution File, Format Version 12.00
# Visual Studio 2012
Project("{2150E333-8FDC-42A3-9474-1A3956D46DE8}") = "Solution Items", "Solution Items", "{140A5F7F-5447-4F29-937D-516C49AE00EF}"
	ProjectSection(SolutionItems) = preProject
		forw.snippet = forw.snippet
		readLine.snippet = readLine.snippet
	EndProjectSection
EndProject
Project("{2150E333-8FDC-42A3-9474-1A3956D46DE8}") = "C++", "C++", "{7C6E148C-689D-4850-AC46-CD49B3DF0F0F}"
	ProjectSection(SolutionItems) = preProject
		C++\cout.snippet = C++\cout.snippet
	EndProjectSection
EndProject
Global
	GlobalSection(SolutionProperties) = preSolution
		HideSolutionNode = FALSE
	EndGlobalSection
EndGlobal
