
Microsoft Visual Studio Solution File, Format Version 12.00
# Visual Studio 2012
Project("{FAE04EC0-301F-11D3-BF4B-00C04F79EFBC}") = "StudentsExtensions", "Students\StudentsExtensions.csproj", "{95A6BB40-CD7F-4EBB-A5B5-AC8EA60BFACA}"
EndProject
Project("{FAE04EC0-301F-11D3-BF4B-00C04F79EFBC}") = "DateTimeExtensions", "DateTimeExtensions\DateTimeExtensions.csproj", "{78C90218-0EDD-4C64-8D2E-67A76B9F2B67}"
EndProject
Project("{FAE04EC0-301F-11D3-BF4B-00C04F79EFBC}") = "StudentTests", "StudentTests\StudentTests.csproj", "{4DF20AA8-73F1-402D-BCEC-709EC91E0D74}"
EndProject
Project("{FAE04EC0-301F-11D3-BF4B-00C04F79EFBC}") = "Students_LINQ", "StudentsLINQ\Students_LINQ.csproj", "{EB1068EF-9582-4641-BB64-534CEAB0D743}"
EndProject
Global
	GlobalSection(SolutionConfigurationPlatforms) = preSolution
		Debug|Any CPU = Debug|Any CPU
		Release|Any CPU = Release|Any CPU
	EndGlobalSection
	GlobalSection(ProjectConfigurationPlatforms) = postSolution
		{95A6BB40-CD7F-4EBB-A5B5-AC8EA60BFACA}.Debug|Any CPU.ActiveCfg = Debug|Any CPU
		{95A6BB40-CD7F-4EBB-A5B5-AC8EA60BFACA}.Debug|Any CPU.Build.0 = Debug|Any CPU
		{95A6BB40-CD7F-4EBB-A5B5-AC8EA60BFACA}.Release|Any CPU.ActiveCfg = Release|Any CPU
		{95A6BB40-CD7F-4EBB-A5B5-AC8EA60BFACA}.Release|Any CPU.Build.0 = Release|Any CPU
		{78C90218-0EDD-4C64-8D2E-67A76B9F2B67}.Debug|Any CPU.ActiveCfg = Debug|Any CPU
		{78C90218-0EDD-4C64-8D2E-67A76B9F2B67}.Debug|Any CPU.Build.0 = Debug|Any CPU
		{78C90218-0EDD-4C64-8D2E-67A76B9F2B67}.Release|Any CPU.ActiveCfg = Release|Any CPU
		{78C90218-0EDD-4C64-8D2E-67A76B9F2B67}.Release|Any CPU.Build.0 = Release|Any CPU
		{4DF20AA8-73F1-402D-BCEC-709EC91E0D74}.Debug|Any CPU.ActiveCfg = Debug|Any CPU
		{4DF20AA8-73F1-402D-BCEC-709EC91E0D74}.Debug|Any CPU.Build.0 = Debug|Any CPU
		{4DF20AA8-73F1-402D-BCEC-709EC91E0D74}.Release|Any CPU.ActiveCfg = Release|Any CPU
		{4DF20AA8-73F1-402D-BCEC-709EC91E0D74}.Release|Any CPU.Build.0 = Release|Any CPU
		{EB1068EF-9582-4641-BB64-534CEAB0D743}.Debug|Any CPU.ActiveCfg = Debug|Any CPU
		{EB1068EF-9582-4641-BB64-534CEAB0D743}.Debug|Any CPU.Build.0 = Debug|Any CPU
		{EB1068EF-9582-4641-BB64-534CEAB0D743}.Release|Any CPU.ActiveCfg = Release|Any CPU
		{EB1068EF-9582-4641-BB64-534CEAB0D743}.Release|Any CPU.Build.0 = Release|Any CPU
	EndGlobalSection
	GlobalSection(SolutionProperties) = preSolution
		HideSolutionNode = FALSE
	EndGlobalSection
EndGlobal
